// !$*UTF8*$!
{
	archiveVersion = 1;
	classes = {
	};
	objectVersion = 46;
	objects = {

/* Begin PBXBuildFile section */
		FF6610CF1785DEF700D07ABD /* UIKit.framework in Frameworks */ = {isa = PBXBuildFile; fileRef = FF6610CE1785DEF700D07ABD /* UIKit.framework */; };
		FF6610D11785DEF700D07ABD /* Foundation.framework in Frameworks */ = {isa = PBXBuildFile; fileRef = FF6610D01785DEF700D07ABD /* Foundation.framework */; };
		FF6610D31785DEF700D07ABD /* CoreGraphics.framework in Frameworks */ = {isa = PBXBuildFile; fileRef = FF6610D21785DEF700D07ABD /* CoreGraphics.framework */; };
		FF6610D91785DEF700D07ABD /* InfoPlist.strings in Resources */ = {isa = PBXBuildFile; fileRef = FF6610D71785DEF700D07ABD /* InfoPlist.strings */; };
		FF6610DB1785DEF700D07ABD /* main.m in Sources */ = {isa = PBXBuildFile; fileRef = FF6610DA1785DEF700D07ABD /* main.m */; };
		FF6610DF1785DEF700D07ABD /* QuizAppDelegate.m in Sources */ = {isa = PBXBuildFile; fileRef = FF6610DE1785DEF700D07ABD /* QuizAppDelegate.m */; };
		FF6610E11785DEF700D07ABD /* Default.png in Resources */ = {isa = PBXBuildFile; fileRef = FF6610E01785DEF700D07ABD /* Default.png */; };
		FF6610E31785DEF700D07ABD /* Default@2x.png in Resources */ = {isa = PBXBuildFile; fileRef = FF6610E21785DEF700D07ABD /* Default@2x.png */; };
		FF6610E51785DEF700D07ABD /* Default-568h@2x.png in Resources */ = {isa = PBXBuildFile; fileRef = FF6610E41785DEF700D07ABD /* Default-568h@2x.png */; };
		FF6610E81785DEF700D07ABD /* QuizViewController.m in Sources */ = {isa = PBXBuildFile; fileRef = FF6610E71785DEF700D07ABD /* QuizViewController.m */; };
		FF6610EB1785DEF700D07ABD /* QuizViewController.xib in Resources */ = {isa = PBXBuildFile; fileRef = FF6610E91785DEF700D07ABD /* QuizViewController.xib */; };
/* End PBXBuildFile section */

/* Begin PBXFileReference section */
		FF6610CB1785DEF700D07ABD /* Quiz.app */ = {isa = PBXFileReference; explicitFileType = wrapper.application; includeInIndex = 0; path = Quiz.app; sourceTree = BUILT_PRODUCTS_DIR; };
		FF6610CE1785DEF700D07ABD /* UIKit.framework */ = {isa = PBXFileReference; lastKnownFileType = wrapper.framework; name = UIKit.framework; path = System/Library/Frameworks/UIKit.framework; sourceTree = SDKROOT; };
		FF6610D01785DEF700D07ABD /* Foundation.framework */ = {isa = PBXFileReference; lastKnownFileType = wrapper.framework; name = Foundation.framework; path = System/Library/Frameworks/Foundation.framework; sourceTree = SDKROOT; };
		FF6610D21785DEF700D07ABD /* CoreGraphics.framework */ = {isa = PBXFileReference; lastKnownFileType = wrapper.framework; name = CoreGraphics.framework; path = System/Library/Frameworks/CoreGraphics.framework; sourceTree = SDKROOT; };
		FF6610D61785DEF700D07ABD /* Quiz-Info.plist */ = {isa = PBXFileReference; lastKnownFileType = text.plist.xml; path = "Quiz-Info.plist"; sourceTree = "<group>"; };
		FF6610D81785DEF700D07ABD /* en */ = {isa = PBXFileReference; lastKnownFileType = text.plist.strings; name = en; path = en.lproj/InfoPlist.strings; sourceTree = "<group>"; };
		FF6610DA1785DEF700D07ABD /* main.m */ = {isa = PBXFileReference; lastKnownFileType = sourcecode.c.objc; path = main.m; sourceTree = "<group>"; };
		FF6610DC1785DEF700D07ABD /* Quiz-Prefix.pch */ = {isa = PBXFileReference; lastKnownFileType = sourcecode.c.h; path = "Quiz-Prefix.pch"; sourceTree = "<group>"; };
		FF6610DD1785DEF700D07ABD /* QuizAppDelegate.h */ = {isa = PBXFileReference; lastKnownFileType = sourcecode.c.h; path = QuizAppDelegate.h; sourceTree = "<group>"; };
		FF6610DE1785DEF700D07ABD /* QuizAppDelegate.m */ = {isa = PBXFileReference; lastKnownFileType = sourcecode.c.objc; path = QuizAppDelegate.m; sourceTree = "<group>"; };
		FF6610E01785DEF700D07ABD /* Default.png */ = {isa = PBXFileReference; lastKnownFileType = image.png; path = Default.png; sourceTree = "<group>"; };
		FF6610E21785DEF700D07ABD /* Default@2x.png */ = {isa = PBXFileReference; lastKnownFileType = image.png; path = "Default@2x.png"; sourceTree = "<group>"; };
		FF6610E41785DEF700D07ABD /* Default-568h@2x.png */ = {isa = PBXFileReference; lastKnownFileType = image.png; path = "Default-568h@2x.png"; sourceTree = "<group>"; };
		FF6610E61785DEF700D07ABD /* QuizViewController.h */ = {isa = PBXFileReference; lastKnownFileType = sourcecode.c.h; path = QuizViewController.h; sourceTree = "<group>"; };
		FF6610E71785DEF700D07ABD /* QuizViewController.m */ = {isa = PBXFileReference; lastKnownFileType = sourcecode.c.objc; path = QuizViewController.m; sourceTree = "<group>"; };
		FF6610EA1785DEF700D07ABD /* en */ = {isa = PBXFileReference; lastKnownFileType = file.xib; name = en; path = en.lproj/QuizViewController.xib; sourceTree = "<group>"; };
/* End PBXFileReference section */

/* Begin PBXFrameworksBuildPhase section */
		FF6610C81785DEF700D07ABD /* Frameworks */ = {
			isa = PBXFrameworksBuildPhase;
			buildActionMask = 2147483647;
			files = (
				FF6610CF1785DEF700D07ABD /* UIKit.framework in Frameworks */,
				FF6610D11785DEF700D07ABD /* Foundation.framework in Frameworks */,
				FF6610D31785DEF700D07ABD /* CoreGraphics.framework in Frameworks */,
			);
			runOnlyForDeploymentPostprocessing = 0;
		};
/* End PBXFrameworksBuildPhase section */

/* Begin PBXGroup section */
		FF6610C21785DEF700D07ABD = {
			isa = PBXGroup;
			children = (
				FF6610D41785DEF700D07ABD /* Quiz */,
				FF6610CD1785DEF700D07ABD /* Frameworks */,
				FF6610CC1785DEF700D07ABD /* Products */,
			);
			sourceTree = "<group>";
		};
		FF6610CC1785DEF700D07ABD /* Products */ = {
			isa = PBXGroup;
			children = (
				FF6610CB1785DEF700D07ABD /* Quiz.app */,
			);
			name = Products;
			sourceTree = "<group>";
		};
		FF6610CD1785DEF700D07ABD /* Frameworks */ = {
			isa = PBXGroup;
			children = (
				FF6610CE1785DEF700D07ABD /* UIKit.framework */,
				FF6610D01785DEF700D07ABD /* Foundation.framework */,
				FF6610D21785DEF700D07ABD /* CoreGraphics.framework */,
			);
			name = Frameworks;
			sourceTree = "<group>";
		};
		FF6610D41785DEF700D07ABD /* Quiz */ = {
			isa = PBXGroup;
			children = (
				FF6610DD1785DEF700D07ABD /* QuizAppDelegate.h */,
				FF6610DE1785DEF700D07ABD /* QuizAppDelegate.m */,
				FF6610E61785DEF700D07ABD /* QuizViewController.h */,
				FF6610E71785DEF700D07ABD /* QuizViewController.m */,
				FF6610E91785DEF700D07ABD /* QuizViewController.xib */,
				FF6610D51785DEF700D07ABD /* Supporting Files */,
			);
			path = Quiz;
			sourceTree = "<group>";
		};
		FF6610D51785DEF700D07ABD /* Supporting Files */ = {
			isa = PBXGroup;
			children = (
				FF6610D61785DEF700D07ABD /* Quiz-Info.plist */,
				FF6610D71785DEF700D07ABD /* InfoPlist.strings */,
				FF6610DA1785DEF700D07ABD /* main.m */,
				FF6610DC1785DEF700D07ABD /* Quiz-Prefix.pch */,
				FF6610E01785DEF700D07ABD /* Default.png */,
				FF6610E21785DEF700D07ABD /* Default@2x.png */,
				FF6610E41785DEF700D07ABD /* Default-568h@2x.png */,
			);
			name = "Supporting Files";
			sourceTree = "<group>";
		};
/* End PBXGroup section */

/* Begin PBXNativeTarget section */
		FF6610CA1785DEF700D07ABD /* Quiz */ = {
			isa = PBXNativeTarget;
			buildConfigurationList = FF6610EE1785DEF700D07ABD /* Build configuration list for PBXNativeTarget "Quiz" */;
			buildPhases = (
				FF6610C71785DEF700D07ABD /* Sources */,
				FF6610C81785DEF700D07ABD /* Frameworks */,
				FF6610C91785DEF700D07ABD /* Resources */,
			);
			buildRules = (
			);
			dependencies = (
			);
			name = Quiz;
			productName = Quiz;
			productReference = FF6610CB1785DEF700D07ABD /* Quiz.app */;
			productType = "com.apple.product-type.application";
		};
/* End PBXNativeTarget section */

/* Begin PBXProject section */
		FF6610C31785DEF700D07ABD /* Project object */ = {
			isa = PBXProject;
			attributes = {
				CLASSPREFIX = Quiz;
				LastUpgradeCheck = 0460;
				ORGANIZATIONNAME = Sol;
			};
			buildConfigurationList = FF6610C61785DEF700D07ABD /* Build configuration list for PBXProject "Quiz" */;
			compatibilityVersion = "Xcode 3.2";
			developmentRegion = English;
			hasScannedForEncodings = 0;
			knownRegions = (
				en,
			);
			mainGroup = FF6610C21785DEF700D07ABD;
			productRefGroup = FF6610CC1785DEF700D07ABD /* Products */;
			projectDirPath = "";
			projectRoot = "";
			targets = (
				FF6610CA1785DEF700D07ABD /* Quiz */,
			);
		};
/* End PBXProject section */

/* Begin PBXResourcesBuildPhase section */
		FF6610C91785DEF700D07ABD /* Resources */ = {
			isa = PBXResourcesBuildPhase;
			buildActionMask = 2147483647;
			files = (
				FF6610D91785DEF700D07ABD /* InfoPlist.strings in Resources */,
				FF6610E11785DEF700D07ABD /* Default.png in Resources */,
				FF6610E31785DEF700D07ABD /* Default@2x.png in Resources */,
				FF6610E51785DEF700D07ABD /* Default-568h@2x.png in Resources */,
				FF6610EB1785DEF700D07ABD /* QuizViewController.xib in Resources */,
			);
			runOnlyForDeploymentPostprocessing = 0;
		};
/* End PBXResourcesBuildPhase section */

/* Begin PBXSourcesBuildPhase section */
		FF6610C71785DEF700D07ABD /* Sources */ = {
			isa = PBXSourcesBuildPhase;
			buildActionMask = 2147483647;
			files = (
				FF6610DB1785DEF700D07ABD /* main.m in Sources */,
				FF6610DF1785DEF700D07ABD /* QuizAppDelegate.m in Sources */,
				FF6610E81785DEF700D07ABD /* QuizViewController.m in Sources */,
			);
			runOnlyForDeploymentPostprocessing = 0;
		};
/* End PBXSourcesBuildPhase section */

/* Begin PBXVariantGroup section */
		FF6610D71785DEF700D07ABD /* InfoPlist.strings */ = {
			isa = PBXVariantGroup;
			children = (
				FF6610D81785DEF700D07ABD /* en */,
			);
			name = InfoPlist.strings;
			sourceTree = "<group>";
		};
		FF6610E91785DEF700D07ABD /* QuizViewController.xib */ = {
			isa = PBXVariantGroup;
			children = (
				FF6610EA1785DEF700D07ABD /* en */,
			);
			name = QuizViewController.xib;
			sourceTree = "<group>";
		};
/* End PBXVariantGroup section */

/* Begin XCBuildConfiguration section */
		FF6610EC1785DEF700D07ABD /* Debug */ = {
			isa = XCBuildConfiguration;
			buildSettings = {
				ALWAYS_SEARCH_USER_PATHS = NO;
				CLANG_CXX_LANGUAGE_STANDARD = "gnu++0x";
				CLANG_CXX_LIBRARY = "libc++";
				CLANG_ENABLE_OBJC_ARC = YES;
				CLANG_WARN_CONSTANT_CONVERSION = YES;
				CLANG_WARN_EMPTY_BODY = YES;
				CLANG_WARN_ENUM_CONVERSION = YES;
				CLANG_WARN_INT_CONVERSION = YES;
				CLANG_WARN__DUPLICATE_METHOD_MATCH = YES;
				"CODE_SIGN_IDENTITY[sdk=iphoneos*]" = "iPhone Developer";
				COPY_PHASE_STRIP = NO;
				GCC_C_LANGUAGE_STANDARD = gnu99;
				GCC_DYNAMIC_NO_PIC = NO;
				GCC_OPTIMIZATION_LEVEL = 0;
				GCC_PREPROCESSOR_DEFINITIONS = (
					"DEBUG=1",
					"$(inherited)",
				);
				GCC_SYMBOLS_PRIVATE_EXTERN = NO;
				GCC_WARN_ABOUT_RETURN_TYPE = YES;
				GCC_WARN_UNINITIALIZED_AUTOS = YES;
				GCC_WARN_UNUSED_VARIABLE = YES;
				IPHONEOS_DEPLOYMENT_TARGET = 6.1;
				ONLY_ACTIVE_ARCH = YES;
				SDKROOT = iphoneos;
			};
			name = Debug;
		};
		FF6610ED1785DEF700D07ABD /* Release */ = {
			isa = XCBuildConfiguration;
			buildSettings = {
				ALWAYS_SEARCH_USER_PATHS = NO;
				CLANG_CXX_LANGUAGE_STANDARD = "gnu++0x";
				CLANG_CXX_LIBRARY = "libc++";
				CLANG_ENABLE_OBJC_ARC = YES;
				CLANG_WARN_CONSTANT_CONVERSION = YES;
				CLANG_WARN_EMPTY_BODY = YES;
				CLANG_WARN_ENUM_CONVERSION = YES;
				CLANG_WARN_INT_CONVERSION = YES;
				CLANG_WARN__DUPLICATE_METHOD_MATCH = YES;
				"CODE_SIGN_IDENTITY[sdk=iphoneos*]" = "iPhone Developer";
				COPY_PHASE_STRIP = YES;
				GCC_C_LANGUAGE_STANDARD = gnu99;
				GCC_WARN_ABOUT_RETURN_TYPE = YES;
				GCC_WARN_UNINITIALIZED_AUTOS = YES;
				GCC_WARN_UNUSED_VARIABLE = YES;
				IPHONEOS_DEPLOYMENT_TARGET = 6.1;
				OTHER_CFLAGS = "-DNS_BLOCK_ASSERTIONS=1";
				SDKROOT = iphoneos;
				VALIDATE_PRODUCT = YES;
			};
			name = Release;
		};
		FF6610EF1785DEF700D07ABD /* Debug */ = {
			isa = XCBuildConfiguration;
			buildSettings = {
				GCC_PRECOMPILE_PREFIX_HEADER = YES;
				GCC_PREFIX_HEADER = "Quiz/Quiz-Prefix.pch";
				INFOPLIST_FILE = "Quiz/Quiz-Info.plist";
				IPHONEOS_DEPLOYMENT_TARGET = 6.0;
				PRODUCT_NAME = "$(TARGET_NAME)";
				WRAPPER_EXTENSION = app;
			};
			name = Debug;
		};
		FF6610F01785DEF700D07ABD /* Release */ = {
			isa = XCBuildConfiguration;
			buildSettings = {
				GCC_PRECOMPILE_PREFIX_HEADER = YES;
				GCC_PREFIX_HEADER = "Quiz/Quiz-Prefix.pch";
				INFOPLIST_FILE = "Quiz/Quiz-Info.plist";
				IPHONEOS_DEPLOYMENT_TARGET = 6.0;
				PRODUCT_NAME = "$(TARGET_NAME)";
				WRAPPER_EXTENSION = app;
			};
			name = Release;
		};
/* End XCBuildConfiguration section */

/* Begin XCConfigurationList section */
		FF6610C61785DEF700D07ABD /* Build configuration list for PBXProject "Quiz" */ = {
			isa = XCConfigurationList;
			buildConfigurations = (
				FF6610EC1785DEF700D07ABD /* Debug */,
				FF6610ED1785DEF700D07ABD /* Release */,
			);
			defaultConfigurationIsVisible = 0;
			defaultConfigurationName = Release;
		};
		FF6610EE1785DEF700D07ABD /* Build configuration list for PBXNativeTarget "Quiz" */ = {
			isa = XCConfigurationList;
			buildConfigurations = (
				FF6610EF1785DEF700D07ABD /* Debug */,
				FF6610F01785DEF700D07ABD /* Release */,
			);
			defaultConfigurationIsVisible = 0;
			defaultConfigurationName = Release;
		};
/* End XCConfigurationList section */
	};
	rootObject = FF6610C31785DEF700D07ABD /* Project object */;
}
